
Microsoft Visual Studio Solution File, Format Version 12.00
# Visual Studio Version 17
VisualStudioVersion = 17.9.34728.123
MinimumVisualStudioVersion = 10.0.40219.1
Project("{FAE04EC0-301F-11D3-BF4B-00C04F79EFBC}") = "FileGenerator", "FileGenerator\FileGenerator.csproj", "{9B018D68-E117-4777-B2A2-F9AC019D7B0F}"
EndProject
Project("{FAE04EC0-301F-11D3-BF4B-00C04F79EFBC}") = "Model", "Model\Model.csproj", "{C7482295-EF39-441A-9435-E9DC206E77CC}"
EndProject
Project("{FAE04EC0-301F-11D3-BF4B-00C04F79EFBC}") = "Controller", "Controller\Controller.csproj", "{A1452AE9-3E7D-405A-8E52-01DB5D96B3B5}"
EndProject
Project("{FAE04EC0-301F-11D3-BF4B-00C04F79EFBC}") = "Service", "Service\Service.csproj", "{F9D1E1C8-486F-49CF-B300-05DF03F2D330}"
EndProject
Project("{FAE04EC0-301F-11D3-BF4B-00C04F79EFBC}") = "Repository", "Repository\Repository.csproj", "{875A5347-5C9A-40F5-86C6-910985502E09}"
EndProject
Global
	GlobalSection(SolutionConfigurationPlatforms) = preSolution
		Debug|Any CPU = Debug|Any CPU
		Release|Any CPU = Release|Any CPU
	EndGlobalSection
	GlobalSection(ProjectConfigurationPlatforms) = postSolution
		{9B018D68-E117-4777-B2A2-F9AC019D7B0F}.Debug|Any CPU.ActiveCfg = Debug|Any CPU
		{9B018D68-E117-4777-B2A2-F9AC019D7B0F}.Debug|Any CPU.Build.0 = Debug|Any CPU
		{9B018D68-E117-4777-B2A2-F9AC019D7B0F}.Release|Any CPU.ActiveCfg = Release|Any CPU
		{9B018D68-E117-4777-B2A2-F9AC019D7B0F}.Release|Any CPU.Build.0 = Release|Any CPU
		{C7482295-EF39-441A-9435-E9DC206E77CC}.Debug|Any CPU.ActiveCfg = Debug|Any CPU
		{C7482295-EF39-441A-9435-E9DC206E77CC}.Debug|Any CPU.Build.0 = Debug|Any CPU
		{C7482295-EF39-441A-9435-E9DC206E77CC}.Release|Any CPU.ActiveCfg = Release|Any CPU
		{C7482295-EF39-441A-9435-E9DC206E77CC}.Release|Any CPU.Build.0 = Release|Any CPU
		{A1452AE9-3E7D-405A-8E52-01DB5D96B3B5}.Debug|Any CPU.ActiveCfg = Debug|Any CPU
		{A1452AE9-3E7D-405A-8E52-01DB5D96B3B5}.Debug|Any CPU.Build.0 = Debug|Any CPU
		{A1452AE9-3E7D-405A-8E52-01DB5D96B3B5}.Release|Any CPU.ActiveCfg = Release|Any CPU
		{A1452AE9-3E7D-405A-8E52-01DB5D96B3B5}.Release|Any CPU.Build.0 = Release|Any CPU
		{F9D1E1C8-486F-49CF-B300-05DF03F2D330}.Debug|Any CPU.ActiveCfg = Debug|Any CPU
		{F9D1E1C8-486F-49CF-B300-05DF03F2D330}.Debug|Any CPU.Build.0 = Debug|Any CPU
		{F9D1E1C8-486F-49CF-B300-05DF03F2D330}.Release|Any CPU.ActiveCfg = Release|Any CPU
		{F9D1E1C8-486F-49CF-B300-05DF03F2D330}.Release|Any CPU.Build.0 = Release|Any CPU
		{875A5347-5C9A-40F5-86C6-910985502E09}.Debug|Any CPU.ActiveCfg = Debug|Any CPU
		{875A5347-5C9A-40F5-86C6-910985502E09}.Debug|Any CPU.Build.0 = Debug|Any CPU
		{875A5347-5C9A-40F5-86C6-910985502E09}.Release|Any CPU.ActiveCfg = Release|Any CPU
		{875A5347-5C9A-40F5-86C6-910985502E09}.Release|Any CPU.Build.0 = Release|Any CPU
	EndGlobalSection
	GlobalSection(SolutionProperties) = preSolution
		HideSolutionNode = FALSE
	EndGlobalSection
	GlobalSection(ExtensibilityGlobals) = postSolution
		SolutionGuid = {A75FE91A-9C25-47D3-B356-A33B2A740726}
	EndGlobalSection
EndGlobal
